PODS:
  - Flutter (1.0.0)
  - xfvoice (0.0.1):
    - Flutter

DEPENDENCIES:
  - Flutter (from `Flutter`)
  - xfvoice (from `.symlinks/plugins/xfvoice/ios`)

EXTERNAL SOURCES:
  Flutter:
    :path: Flutter
  xfvoice:
    :path: ".symlinks/plugins/xfvoice/ios"

SPEC CHECKSUMS:
  Flutter: 434fef37c0980e73bb6479ef766c45957d4b510c
  xfvoice: 8180e37d9bda8d2282a73643dd59a941a99ab7f8

PODFILE CHECKSUM: 8e679eca47255a8ca8067c4c67aab20e64cb974d

COCOAPODS: 1.10.1
