PODS:
  - Flutter (1.0.0)
  - xfvoice2 (0.0.1):
    - Flutter

DEPENDENCIES:
  - Flutter (from `Flutter`)
  - xfvoice2 (from `.symlinks/plugins/xfvoice2/ios`)

EXTERNAL SOURCES:
  Flutter:
    :path: Flutter
  xfvoice2:
    :path: ".symlinks/plugins/xfvoice2/ios"

SPEC CHECKSUMS:
  Flutter: 434fef37c0980e73bb6479ef766c45957d4b510c
  xfvoice2: 2c185de2a66365f60ad8509ea6fdfbec93eb103e

PODFILE CHECKSUM: 5741887e8371a529f85d1cab0de782ef9a9b0bd1

COCOAPODS: 1.10.1
